# THIS IS AN AUTOGENERATED FILE. DO NOT EDIT THIS FILE DIRECTLY.
# yarn lockfile v1


"@next/bundle-analyzer@^13":
  version "13.5.11"
  resolved "https://registry.yarnpkg.com/@next/bundle-analyzer/-/bundle-analyzer-13.5.11.tgz#3f8e0d3bb87d3db53f82f02e60cc7810b33240e4"
  integrity sha512-LKlKp0JmANAsfaKHRfjbDmuVMNXAiC81f43TdUzEBEFob52yvdKcWcX/3nFAawtHYDL9sqwpbwwH6U/ztnzPKA==
  dependencies:
    webpack-bundle-analyzer "4.7.0"

"@next/env@13.5.11":
  version "13.5.11"
  resolved "https://registry.yarnpkg.com/@next/env/-/env-13.5.11.tgz#6712d907e2682199aa1e8229b5ce028ee5a8001b"
  integrity sha512-fbb2C7HChgM7CemdCY+y3N1n8pcTKdqtQLbC7/EQtPdLvlMUT9JX/dBYl8MMZAtYG4uVMyPFHXckb68q/NRwqg==

"@next/swc-darwin-arm64@13.5.9":
  version "13.5.9"
  resolved "https://registry.yarnpkg.com/@next/swc-darwin-arm64/-/swc-darwin-arm64-13.5.9.tgz#46c3a525039171ff1a83c813d7db86fb7808a9b2"
  integrity sha512-pVyd8/1y1l5atQRvOaLOvfbmRwefxLhqQOzYo/M7FQ5eaRwA1+wuCn7t39VwEgDd7Aw1+AIWwd+MURXUeXhwDw==

"@next/swc-darwin-x64@13.5.9":
  version "13.5.9"
  resolved "https://registry.yarnpkg.com/@next/swc-darwin-x64/-/swc-darwin-x64-13.5.9.tgz#b690452e9a6ce839f8738e27e9fd1a8567dd7554"
  integrity sha512-DwdeJqP7v8wmoyTWPbPVodTwCybBZa02xjSJ6YQFIFZFZ7dFgrieKW4Eo0GoIcOJq5+JxkQyejmI+8zwDp3pwA==

"@next/swc-linux-arm64-gnu@13.5.9":
  version "13.5.9"
  resolved "https://registry.yarnpkg.com/@next/swc-linux-arm64-gnu/-/swc-linux-arm64-gnu-13.5.9.tgz#c3e335e2da3ba932c0b2f571f0672d1aa7af33df"
  integrity sha512-wdQsKsIsGSNdFojvjW3Ozrh8Q00+GqL3wTaMjDkQxVtRbAqfFBtrLPO0IuWChVUP2UeuQcHpVeUvu0YgOP00+g==

"@next/swc-linux-arm64-musl@13.5.9":
  version "13.5.9"
  resolved "https://registry.yarnpkg.com/@next/swc-linux-arm64-musl/-/swc-linux-arm64-musl-13.5.9.tgz#54600d4917bace2508725cc963eeeb3b6432889e"
  integrity sha512-6VpS+bodQqzOeCwGxoimlRoosiWlSc0C224I7SQWJZoyJuT1ChNCo+45QQH+/GtbR/s7nhaUqmiHdzZC9TXnXA==

"@next/swc-linux-x64-gnu@13.5.9":
  version "13.5.9"
  resolved "https://registry.yarnpkg.com/@next/swc-linux-x64-gnu/-/swc-linux-x64-gnu-13.5.9.tgz#f869c2066f13ff2818140e0a145dfea1ea7c0333"
  integrity sha512-XxG3yj61WDd28NA8gFASIR+2viQaYZEFQagEodhI/R49gXWnYhiflTeeEmCn7Vgnxa/OfK81h1gvhUZ66lozpw==

"@next/swc-linux-x64-musl@13.5.9":
  version "13.5.9"
  resolved "https://registry.yarnpkg.com/@next/swc-linux-x64-musl/-/swc-linux-x64-musl-13.5.9.tgz#09295ea60a42a1b22d927802d6e543d8a8bbb186"
  integrity sha512-/dnscWqfO3+U8asd+Fc6dwL2l9AZDl7eKtPNKW8mKLh4Y4wOpjJiamhe8Dx+D+Oq0GYVjuW0WwjIxYWVozt2bA==

"@next/swc-win32-arm64-msvc@13.5.9":
  version "13.5.9"
  resolved "https://registry.yarnpkg.com/@next/swc-win32-arm64-msvc/-/swc-win32-arm64-msvc-13.5.9.tgz#f39e3513058d7af6e9f6b1f296bf071301217159"
  integrity sha512-T/iPnyurOK5a4HRUcxAlss8uzoEf5h9tkd+W2dSWAfzxv8WLKlUgbfk+DH43JY3Gc2xK5URLuXrxDZ2mGfk/jw==

"@next/swc-win32-ia32-msvc@13.5.9":
  version "13.5.9"
  resolved "https://registry.yarnpkg.com/@next/swc-win32-ia32-msvc/-/swc-win32-ia32-msvc-13.5.9.tgz#d567f471e182efa4ea29f47f3030613dd3fc68b5"
  integrity sha512-BLiPKJomaPrTAb7ykjA0LPcuuNMLDVK177Z1xe0nAem33+9FIayU4k/OWrtSn9SAJW/U60+1hoey5z+KCHdRLQ==

"@next/swc-win32-x64-msvc@13.5.9":
  version "13.5.9"
  resolved "https://registry.yarnpkg.com/@next/swc-win32-x64-msvc/-/swc-win32-x64-msvc-13.5.9.tgz#35c53bd6d33040ec0ce1dd613c59112aac06b235"
  integrity sha512-/72/dZfjXXNY/u+n8gqZDjI6rxKMpYsgBBYNZKWOQw0BpBF7WCnPflRy3ZtvQ2+IYI3ZH2bPyj7K+6a6wNk90Q==

"@polka/url@^1.0.0-next.20":
  version "1.0.0-next.29"
  resolved "https://registry.yarnpkg.com/@polka/url/-/url-1.0.0-next.29.tgz#5a40109a1ab5f84d6fd8fc928b19f367cbe7e7b1"
  integrity sha512-wwQAWhWSuHaag8c4q/KN/vCoeOJYshAIvMQwD4GpSb3OiZklFfvAgmj0VCBBImRpuF/aFgIRzllXlVX93Jevww==

"@swc/helpers@0.5.2":
  version "0.5.2"
  resolved "https://registry.yarnpkg.com/@swc/helpers/-/helpers-0.5.2.tgz#85ea0c76450b61ad7d10a37050289eded783c27d"
  integrity sha512-E4KcWTpoLHqwPHLxidpOqQbcrZVgi0rsmmZXUle1jXmJfuIf/UWpczUJ7MZZ5tlxytgJXyp0w4PGkkeLiuIdZw==
  dependencies:
    tslib "^2.4.0"

"@types/node@^18":
  version "18.19.87"
  resolved "https://registry.yarnpkg.com/@types/node/-/node-18.19.87.tgz#690f000cc51e3c7f48bc00f7e86fac6eb550b709"
  integrity sha512-OIAAu6ypnVZHmsHCeJ+7CCSub38QNBS9uceMQeg7K5Ur0Jr+wG9wEOEvvMbhp09pxD5czIUy/jND7s7Tb6Nw7A==
  dependencies:
    undici-types "~5.26.4"

"@types/prop-types@*":
  version "15.7.14"
  resolved "https://registry.yarnpkg.com/@types/prop-types/-/prop-types-15.7.14.tgz#1433419d73b2a7ebfc6918dcefd2ec0d5cd698f2"
  integrity sha512-gNMvNH49DJ7OJYv+KAKn0Xp45p8PLl6zo2YnvDIbTd4J6MER2BmWN49TG7n9LvkyihINxeKW8+3bfS2yDC9dzQ==

"@types/react-dom@^18":
  version "18.3.6"
  resolved "https://registry.yarnpkg.com/@types/react-dom/-/react-dom-18.3.6.tgz#fa59a5e9a33499a792af6c1130f55921ef49d268"
  integrity sha512-nf22//wEbKXusP6E9pfOCDwFdHAX4u172eaJI4YkDRQEZiorm6KfYnSC2SWLDMVWUOWPERmJnN0ujeAfTBLvrw==

"@types/react@^18":
  version "18.3.20"
  resolved "https://registry.yarnpkg.com/@types/react/-/react-18.3.20.tgz#b0dccda9d2f1bc24d2a04b1d0cb5d0b9a3576ad3"
  integrity sha512-IPaCZN7PShZK/3t6Q87pfTkRm6oLTd4vztyoj+cbHUF1g3FfVb2tFIL79uCRKEfv16AhqDMBywP2VW3KIZUvcg==
  dependencies:
    "@types/prop-types" "*"
    csstype "^3.0.2"

acorn-walk@^8.0.0:
  version "8.3.4"
  resolved "https://registry.yarnpkg.com/acorn-walk/-/acorn-walk-8.3.4.tgz#794dd169c3977edf4ba4ea47583587c5866236b7"
  integrity sha512-ueEepnujpqee2o5aIYnvHU6C0A42MNdsIDeqy5BydrkuC5R1ZuUFnm27EeFJGoEHJQgn3uleRvmTXaJgfXbt4g==
  dependencies:
    acorn "^8.11.0"

acorn@^8.0.4, acorn@^8.11.0:
  version "8.14.1"
  resolved "https://registry.yarnpkg.com/acorn/-/acorn-8.14.1.tgz#721d5dc10f7d5b5609a891773d47731796935dfb"
  integrity sha512-OvQ/2pUDKmgfCg++xsTX1wGxfTaszcHVcTctW4UJB4hibJx2HXxxO5UmVgyjMa+ZDsiaf5wWLXYpRWMmBI0QHg==

ansi-styles@^4.1.0:
  version "4.3.0"
  resolved "https://registry.yarnpkg.com/ansi-styles/-/ansi-styles-4.3.0.tgz#edd803628ae71c04c85ae7a0906edad34b648937"
  integrity sha512-zbB9rCJAT1rbjiVDb2hqKFHNYLxgtk8NURxZ3IZwD3F6NtxbXZQCnnSi1Lkx+IDohdPlFp222wVALIheZJQSEg==
  dependencies:
    color-convert "^2.0.1"

busboy@1.6.0:
  version "1.6.0"
  resolved "https://registry.yarnpkg.com/busboy/-/busboy-1.6.0.tgz#966ea36a9502e43cdb9146962523b92f531f6893"
  integrity sha512-8SFQbg/0hQ9xy3UNTB0YEnsNBbWfhf7RtnzpL7TkBiTBRfrQ9Fxcnz7VJsleJpyp6rVLvXiuORqjlHi5q+PYuA==
  dependencies:
    streamsearch "^1.1.0"

caniuse-lite@^1.0.30001406:
  version "1.0.30001715"
  resolved "https://registry.yarnpkg.com/caniuse-lite/-/caniuse-lite-1.0.30001715.tgz#bd325a37ad366e3fe90827d74062807a34fbaeb2"
  integrity sha512-7ptkFGMm2OAOgvZpwgA4yjQ5SQbrNVGdRjzH0pBdy1Fasvcr+KAeECmbCAECzTuDuoX0FCY8KzUxjf9+9kfZEw==

chalk@^4.1.0:
  version "4.1.2"
  resolved "https://registry.yarnpkg.com/chalk/-/chalk-4.1.2.tgz#aac4e2b7734a740867aeb16bf02aad556a1e7a01"
  integrity sha512-oKnbhFyRIXpUuez8iBMmyEa4nbj4IOQyuhc/wy9kY7/WVPcwIO9VA668Pu8RkO7+0G76SLROeyw9CpQ061i4mA==
  dependencies:
    ansi-styles "^4.1.0"
    supports-color "^7.1.0"

client-only@0.0.1:
  version "0.0.1"
  resolved "https://registry.yarnpkg.com/client-only/-/client-only-0.0.1.tgz#38bba5d403c41ab150bff64a95c85013cf73bca1"
  integrity sha512-IV3Ou0jSMzZrd3pZ48nLkT9DA7Ag1pnPzaiQhpW7c3RbcqqzvzzVu+L8gfqMp/8IM2MQtSiqaCxrrcfu8I8rMA==

color-convert@^2.0.1:
  version "2.0.1"
  resolved "https://registry.yarnpkg.com/color-convert/-/color-convert-2.0.1.tgz#72d3a68d598c9bdb3af2ad1e84f21d896abd4de3"
  integrity sha512-RRECPsj7iu/xb5oKYcsFHSppFNnsj/52OVTRKb4zP5onXwVF3zVmmToNcOfGC+CRDpfK/U584fMg38ZHCaElKQ==
  dependencies:
    color-name "~1.1.4"

color-name@~1.1.4:
  version "1.1.4"
  resolved "https://registry.yarnpkg.com/color-name/-/color-name-1.1.4.tgz#c2a09a87acbde69543de6f63fa3995c826c536a2"
  integrity sha512-dOy+3AuW3a2wNbZHIuMZpTcgjGuLU/uBL/ubcZF9OXbDo8ff4O8yVp5Bf0efS8uEoYo5q4Fx7dY9OgQGXgAsQA==

commander@^7.2.0:
  version "7.2.0"
  resolved "https://registry.yarnpkg.com/commander/-/commander-7.2.0.tgz#a36cb57d0b501ce108e4d20559a150a391d97ab7"
  integrity sha512-QrWXB+ZQSVPmIWIhtEO9H+gwHaMGYiF5ChvoJ+K9ZGHG/sVsa6yiesAD1GC/x46sET00Xlwo1u49RVVVzvcSkw==

csstype@^3.0.2:
  version "3.1.3"
  resolved "https://registry.yarnpkg.com/csstype/-/csstype-3.1.3.tgz#d80ff294d114fb0e6ac500fbf85b60137d7eff81"
  integrity sha512-M1uQkMl8rQK/szD0LNhtqxIPLpimGm8sOBwU7lLnCpSbTyY3yeU1Vc7l4KT5zT4s/yOxHH5O7tIuuLOCnLADRw==

deepmerge@^4.3.1:
  version "4.3.1"
  resolved "https://registry.yarnpkg.com/deepmerge/-/deepmerge-4.3.1.tgz#44b5f2147cd3b00d4b56137685966f26fd25dd4a"
  integrity sha512-3sUqbMEc77XqpdNO7FRyRog+eW3ph+GYCbj+rK+uYyRMuwsVy0rMiVtPn+QJlKFvWP/1PYpapqYn0Me2knFn+A==

duplexer@^0.1.2:
  version "0.1.2"
  resolved "https://registry.yarnpkg.com/duplexer/-/duplexer-0.1.2.tgz#3abe43aef3835f8ae077d136ddce0f276b0400e6"
  integrity sha512-jtD6YG370ZCIi/9GTaJKQxWTZD045+4R4hTk/x1UyoqadyJ9x9CgSi1RlVDQF8U2sxLLSnFkCaMihqljHIWgMg==

enhanced-exception@^1.0.2:
  version "1.0.2"
  resolved "https://registry.yarnpkg.com/enhanced-exception/-/enhanced-exception-1.0.2.tgz#21897e9251bec7be402be6378ff37c4c8f64be58"
  integrity sha512-wxcuNOKPZ+THvc/lByuenDj1YT74Eh0DKC86h/HEYOv++dj65BgwqDp//K062kUpIlYjBpqT8ovq5OR8tukYPQ==

glob-to-regexp@^0.4.1:
  version "0.4.1"
  resolved "https://registry.yarnpkg.com/glob-to-regexp/-/glob-to-regexp-0.4.1.tgz#c75297087c851b9a578bd217dd59a92f59fe546e"
  integrity sha512-lkX1HJXwyMcprw/5YUZc2s7DrpAiHB21/V+E1rHUrVNokkvB6bqMzT0VfV6/86ZNabt1k14YOIaT7nDvOX3Iiw==

graceful-fs@^4.1.2:
  version "4.2.11"
  resolved "https://registry.yarnpkg.com/graceful-fs/-/graceful-fs-4.2.11.tgz#4183e4e8bf08bb6e05bbb2f7d2e0c8f712ca40e3"
  integrity sha512-RbJ5/jmFcNNCcDV5o9eTnBLJ/HszWV0P73bc+Ff4nS/rJj+YaS6IGyiOL0VoBYX+l1Wrl3k63h/KrH+nhJ0XvQ==

gzip-size@^6.0.0:
  version "6.0.0"
  resolved "https://registry.yarnpkg.com/gzip-size/-/gzip-size-6.0.0.tgz#065367fd50c239c0671cbcbad5be3e2eeb10e462"
  integrity sha512-ax7ZYomf6jqPTQ4+XCpUGyXKHk5WweS+e05MBO4/y3WJ5RkmPXNKvX+bx1behVILVwr6JSQvZAku021CHPXG3Q==
  dependencies:
    duplexer "^0.1.2"

has-flag@^4.0.0:
  version "4.0.0"
  resolved "https://registry.yarnpkg.com/has-flag/-/has-flag-4.0.0.tgz#944771fd9c81c81265c4d6941860da06bb59479b"
  integrity sha512-EykJT/Q1KjTWctppgIAgfSO0tKVuZUjhgMr17kqTumMl6Afv3EISleU7qZUzoXDFTAHTDC4NOoG/ZxU3EvlMPQ==

is-promise@^4.0.0:
  version "4.0.0"
  resolved "https://registry.yarnpkg.com/is-promise/-/is-promise-4.0.0.tgz#42ff9f84206c1991d26debf520dd5c01042dd2f3"
  integrity sha512-hvpoI6korhJMnej285dSg6nu1+e6uxs7zG3BYAm5byqDsgJNWwxzM6z6iZiAgQR4TJ30JmBTOwqZUw3WlyH3AQ==

"js-tokens@^3.0.0 || ^4.0.0":
  version "4.0.0"
  resolved "https://registry.yarnpkg.com/js-tokens/-/js-tokens-4.0.0.tgz#19203fb59991df98e3a287050d4647cdeaf32499"
  integrity sha512-RdJUflcE3cUzKiMqQgsCu06FPu9UdIJO0beYbPhHN4k6apgJtifcoCtT9bcxOpYBtpD2kCM6Sbzg4CausW/PKQ==

lodash@^4.17.20:
  version "4.17.21"
  resolved "https://registry.yarnpkg.com/lodash/-/lodash-4.17.21.tgz#679591c564c3bffaae8454cf0b3df370c3d6911c"
  integrity sha512-v2kDEe57lecTulaDIuNTPy3Ry4gLGJ6Z1O3vE1krgXZNrsQ+LFTGHVxVjcXPs17LhbZVGedAJv8XZ1tvj5FvSg==

loose-envify@^1.1.0:
  version "1.4.0"
  resolved "https://registry.yarnpkg.com/loose-envify/-/loose-envify-1.4.0.tgz#71ee51fa7be4caec1a63839f7e682d8132d30caf"
  integrity sha512-lyuxPGr/Wfhrlem2CL/UcnUc1zcqKAImBDzukY7Y5F/yQiNdko6+fRLevlw1HgMySw7f611UIY408EtxRSoK3Q==
  dependencies:
    js-tokens "^3.0.0 || ^4.0.0"

mrmime@^1.0.0:
  version "1.0.1"
  resolved "https://registry.yarnpkg.com/mrmime/-/mrmime-1.0.1.tgz#5f90c825fad4bdd41dc914eff5d1a8cfdaf24f27"
  integrity sha512-hzzEagAgDyoU1Q6yg5uI+AorQgdvMCur3FcKf7NhMKWsaYg+RnbTyHRa/9IlLF9rf455MOCtcqqrQQ83pPP7Uw==

nanoid@^3.3.6:
  version "3.3.11"
  resolved "https://registry.yarnpkg.com/nanoid/-/nanoid-3.3.11.tgz#4f4f112cefbe303202f2199838128936266d185b"
  integrity sha512-N8SpfPUnUp1bK+PMYW8qSWdl9U+wwNWI4QKxOYDy9JAro3WMX7p2OeVRF9v+347pnakNevPmiHhNmZ2HbFA76w==

"next-recompose-plugins@file:../../lib":
  version "3.0.0"
  dependencies:
    deepmerge "^4.3.1"
    enhanced-exception "^1.0.2"
    is-promise "^4.0.0"
    semver "^7.7.1"
    take-n-pipe "^1.1.2"

next@^13:
  version "13.5.11"
  resolved "https://registry.yarnpkg.com/next/-/next-13.5.11.tgz#a021e849c5748fb6e2a4447585614e0c0e6c778d"
  integrity sha512-WUPJ6WbAX9tdC86kGTu92qkrRdgRqVrY++nwM+shmWQwmyxt4zhZfR59moXSI4N8GDYCBY3lIAqhzjDd4rTC8Q==
  dependencies:
    "@next/env" "13.5.11"
    "@swc/helpers" "0.5.2"
    busboy "1.6.0"
    caniuse-lite "^1.0.30001406"
    postcss "8.4.31"
    styled-jsx "5.1.1"
    watchpack "2.4.0"
  optionalDependencies:
    "@next/swc-darwin-arm64" "13.5.9"
    "@next/swc-darwin-x64" "13.5.9"
    "@next/swc-linux-arm64-gnu" "13.5.9"
    "@next/swc-linux-arm64-musl" "13.5.9"
    "@next/swc-linux-x64-gnu" "13.5.9"
    "@next/swc-linux-x64-musl" "13.5.9"
    "@next/swc-win32-arm64-msvc" "13.5.9"
    "@next/swc-win32-ia32-msvc" "13.5.9"
    "@next/swc-win32-x64-msvc" "13.5.9"

opener@^1.5.2:
  version "1.5.2"
  resolved "https://registry.yarnpkg.com/opener/-/opener-1.5.2.tgz#5d37e1f35077b9dcac4301372271afdeb2a13598"
  integrity sha512-ur5UIdyw5Y7yEj9wLzhqXiy6GZ3Mwx0yGI+5sMn2r0N0v3cKJvUmFH5yPP+WXh9e0xfyzyJX95D8l088DNFj7A==

picocolors@^1.0.0:
  version "1.1.1"
  resolved "https://registry.yarnpkg.com/picocolors/-/picocolors-1.1.1.tgz#3d321af3eab939b083c8f929a1d12cda81c26b6b"
  integrity sha512-xceH2snhtb5M9liqDsmEw56le376mTZkEX/jEb/RxNFyegNul7eNslCXP9FDj/Lcu0X8KEyMceP2ntpaHrDEVA==

postcss@8.4.31:
  version "8.4.31"
  resolved "https://registry.yarnpkg.com/postcss/-/postcss-8.4.31.tgz#92b451050a9f914da6755af352bdc0192508656d"
  integrity sha512-PS08Iboia9mts/2ygV3eLpY5ghnUcfLV/EXTOW1E2qYxJKGGBUtNjN76FYHnMs36RmARn41bC0AZmn+rR0OVpQ==
  dependencies:
    nanoid "^3.3.6"
    picocolors "^1.0.0"
    source-map-js "^1.0.2"

react-dom@^18:
  version "18.3.1"
  resolved "https://registry.yarnpkg.com/react-dom/-/react-dom-18.3.1.tgz#c2265d79511b57d479b3dd3fdfa51536494c5cb4"
  integrity sha512-5m4nQKp+rZRb09LNH59GM4BxTh9251/ylbKIbpe7TpGxfJ+9kv6BLkLBXIjjspbgbnIBNqlI23tRnTWT0snUIw==
  dependencies:
    loose-envify "^1.1.0"
    scheduler "^0.23.2"

react@^18:
  version "18.3.1"
  resolved "https://registry.yarnpkg.com/react/-/react-18.3.1.tgz#49ab892009c53933625bd16b2533fc754cab2891"
  integrity sha512-wS+hAgJShR0KhEvPJArfuPVN1+Hz1t0Y6n5jLrGQbkb4urgPE/0Rve+1kMB1v/oWgHgm4WIcV+i7F2pTVj+2iQ==
  dependencies:
    loose-envify "^1.1.0"

scheduler@^0.23.2:
  version "0.23.2"
  resolved "https://registry.yarnpkg.com/scheduler/-/scheduler-0.23.2.tgz#414ba64a3b282892e944cf2108ecc078d115cdc3"
  integrity sha512-UOShsPwz7NrMUqhR6t0hWjFduvOzbtv7toDH1/hIrfRNIDBnnBWd0CwJTGvTpngVlmwGCdP9/Zl/tVrDqcuYzQ==
  dependencies:
    loose-envify "^1.1.0"

semver@^7.7.1:
  version "7.7.1"
  resolved "https://registry.yarnpkg.com/semver/-/semver-7.7.1.tgz#abd5098d82b18c6c81f6074ff2647fd3e7220c9f"
  integrity sha512-hlq8tAfn0m/61p4BVRcPzIGr6LKiMwo4VM6dGi6pt4qcRkmNzTcWq6eCEjEh+qXjkMDvPlOFFSGwQjoEa6gyMA==

sirv@^1.0.7:
  version "1.0.19"
  resolved "https://registry.yarnpkg.com/sirv/-/sirv-1.0.19.tgz#1d73979b38c7fe91fcba49c85280daa9c2363b49"
  integrity sha512-JuLThK3TnZG1TAKDwNIqNq6QA2afLOCcm+iE8D1Kj3GA40pSPsxQjjJl0J8X3tsR7T+CP1GavpzLwYkgVLWrZQ==
  dependencies:
    "@polka/url" "^1.0.0-next.20"
    mrmime "^1.0.0"
    totalist "^1.0.0"

source-map-js@^1.0.2:
  version "1.2.1"
  resolved "https://registry.yarnpkg.com/source-map-js/-/source-map-js-1.2.1.tgz#1ce5650fddd87abc099eda37dcff024c2667ae46"
  integrity sha512-UXWMKhLOwVKb728IUtQPXxfYU+usdybtUrK/8uGE8CQMvrhOpwvzDBwj0QhSL7MQc7vIsISBG8VQ8+IDQxpfQA==

streamsearch@^1.1.0:
  version "1.1.0"
  resolved "https://registry.yarnpkg.com/streamsearch/-/streamsearch-1.1.0.tgz#404dd1e2247ca94af554e841a8ef0eaa238da764"
  integrity sha512-Mcc5wHehp9aXz1ax6bZUyY5afg9u2rv5cqQI3mRrYkGC8rW2hM02jWuwjtL++LS5qinSyhj2QfLyNsuc+VsExg==

styled-jsx@5.1.1:
  version "5.1.1"
  resolved "https://registry.yarnpkg.com/styled-jsx/-/styled-jsx-5.1.1.tgz#839a1c3aaacc4e735fed0781b8619ea5d0009d1f"
  integrity sha512-pW7uC1l4mBZ8ugbiZrcIsiIvVx1UmTfw7UkC3Um2tmfUq9Bhk8IiyEIPl6F8agHgjzku6j0xQEZbfA5uSgSaCw==
  dependencies:
    client-only "0.0.1"

supports-color@^7.1.0:
  version "7.2.0"
  resolved "https://registry.yarnpkg.com/supports-color/-/supports-color-7.2.0.tgz#1b7dcdcb32b8138801b3e478ba6a51caa89648da"
  integrity sha512-qpCAvRl9stuOHveKsn7HncJRvv501qIacKzQlO/+Lwxc9+0q2wLyv4Dfvt80/DPn2pqOBsJdDiogXGR9+OvwRw==
  dependencies:
    has-flag "^4.0.0"

take-n-pipe@^1.1.2:
  version "1.1.2"
  resolved "https://registry.yarnpkg.com/take-n-pipe/-/take-n-pipe-1.1.2.tgz#74c9aa401466050cdd0f49dd92556219c2deeac6"
  integrity sha512-PFkCips2WFAToQ6x+qcOKdOV6/OV28di1axYJzSkSuwWPOFjqflwFficMzNoxJwoKm2AcwmCMEgp+kgjWDVTUw==

totalist@^1.0.0:
  version "1.1.0"
  resolved "https://registry.yarnpkg.com/totalist/-/totalist-1.1.0.tgz#a4d65a3e546517701e3e5c37a47a70ac97fe56df"
  integrity sha512-gduQwd1rOdDMGxFG1gEvhV88Oirdo2p+KjoYFU7k2g+i7n6AFFbDQ5kMPUsW0pNbfQsB/cwXvT1i4Bue0s9g5g==

tslib@^2.4.0:
  version "2.8.1"
  resolved "https://registry.yarnpkg.com/tslib/-/tslib-2.8.1.tgz#612efe4ed235d567e8aba5f2a5fab70280ade83f"
  integrity sha512-oJFu94HQb+KVduSUQL7wnpmqnfmLsOA/nAh6b6EH0wCEoK0/mPeXU6c3wKDV83MkOuHPRHtSXKKU99IBazS/2w==

typescript@^5:
  version "5.8.3"
  resolved "https://registry.yarnpkg.com/typescript/-/typescript-5.8.3.tgz#92f8a3e5e3cf497356f4178c34cd65a7f5e8440e"
  integrity sha512-p1diW6TqL9L07nNxvRMM7hMMw4c5XOo/1ibL4aAIGmSAt9slTE1Xgw5KWuof2uTOvCg9BY7ZRi+GaF+7sfgPeQ==

undici-types@~5.26.4:
  version "5.26.5"
  resolved "https://registry.yarnpkg.com/undici-types/-/undici-types-5.26.5.tgz#bcd539893d00b56e964fd2657a4866b221a65617"
  integrity sha512-JlCMO+ehdEIKqlFxk6IfVoAUVmgz7cU7zD/h9XZ0qzeosSHmUJVOzSQvvYSYWXkFXC+IfLKSIffhv0sVZup6pA==

watchpack@2.4.0:
  version "2.4.0"
  resolved "https://registry.yarnpkg.com/watchpack/-/watchpack-2.4.0.tgz#fa33032374962c78113f93c7f2fb4c54c9862a5d"
  integrity sha512-Lcvm7MGST/4fup+ifyKi2hjyIAwcdI4HRgtvTpIUxBRhB+RFtUh8XtDOxUfctVCnhVi+QQj49i91OyvzkJl6cg==
  dependencies:
    glob-to-regexp "^0.4.1"
    graceful-fs "^4.1.2"

webpack-bundle-analyzer@4.7.0:
  version "4.7.0"
  resolved "https://registry.yarnpkg.com/webpack-bundle-analyzer/-/webpack-bundle-analyzer-4.7.0.tgz#33c1c485a7fcae8627c547b5c3328b46de733c66"
  integrity sha512-j9b8ynpJS4K+zfO5GGwsAcQX4ZHpWV+yRiHDiL+bE0XHJ8NiPYLTNVQdlFYWxtpg9lfAQNlwJg16J9AJtFSXRg==
  dependencies:
    acorn "^8.0.4"
    acorn-walk "^8.0.0"
    chalk "^4.1.0"
    commander "^7.2.0"
    gzip-size "^6.0.0"
    lodash "^4.17.20"
    opener "^1.5.2"
    sirv "^1.0.7"
    ws "^7.3.1"

ws@^7.3.1:
  version "7.5.10"
  resolved "https://registry.yarnpkg.com/ws/-/ws-7.5.10.tgz#58b5c20dc281633f6c19113f39b349bd8bd558d9"
  integrity sha512-+dbF1tHwZpXcbOJdVOkzLDxZP1ailvSxM6ZweXTegylPny803bFhA+vqBYw4s31NSAk4S2Qz+AKXK9a4wkdjcQ==
